<?xml version="1.0" encoding="utf-8"?>
<Project ToolsVersion="4.0" xmlns="http://schemas.microsoft.com/developer/msbuild/2003">
  <ItemGroup>
    <ClCompile Include="AMon.cpp" />
    <ClCompile Include="ContentsCore.cpp" />
    <ClCompile Include="ContentsCore_Resources.cpp" />
    <ClCompile Include="ContentsEditorGUI.cpp" />
    <ClCompile Include="Monster.cpp" />
    <ClCompile Include="Monster2.cpp" />
    <ClCompile Include="MyCustomRenderer.cpp" />
    <ClCompile Include="Player.cpp" />
    <ClCompile Include="PreCompile.cpp" />
    <ClCompile Include="TileMapGameMode.cpp" />
    <ClCompile Include="TitleGameMode.cpp" />
    <ClCompile Include="TitleHUD.cpp" />
    <ClCompile Include="TitleLogo.cpp" />
  </ItemGroup>
  <ItemGroup>
    <ClInclude Include="AMon.h" />
    <ClInclude Include="ContentsCore.h" />
    <ClInclude Include="ContentsEditorGUI.h" />
    <ClInclude Include="GMConst.h" />
    <ClInclude Include="Monster.h" />
    <ClInclude Include="Monster2.h" />
    <ClInclude Include="MyCustomRenderer.h" />
    <ClInclude Include="Player.h" />
    <ClInclude Include="PreCompile.h" />
    <ClInclude Include="TileMapGameMode.h" />
    <ClInclude Include="TitleGameMode.h" />
    <ClInclude Include="TitleHUD.h" />
    <ClInclude Include="TitleLogo.h" />
  </ItemGroup>
</Project>